
Microsoft Visual Studio Solution File, Format Version 12.00
# Visual Studio Version 16
VisualStudioVersion = 16.0.30803.129
MinimumVisualStudioVersion = 10.0.40219.1
Project("{2150E333-8FDC-42A3-9474-1A3956D46DE8}") = "samples", "samples", "{78B1EAD9-366F-4F78-9E8E-D3EAFD65E506}"
EndProject
Project("{2150E333-8FDC-42A3-9474-1A3956D46DE8}") = "src", "src", "{47222C4E-719A-41A8-824D-DFED126502EF}"
EndProject
Project("{2150E333-8FDC-42A3-9474-1A3956D46DE8}") = "test", "test", "{7DA25751-FF89-4492-BB66-000E8E950E19}"
EndProject
Project("{9A19103F-16F7-4668-BE54-9A1E7A4F7556}") = "JTTServer", "samples\JTTServer\JTTServer.csproj", "{0A56E216-E171-4C41-BB60-118656562304}"
EndProject
Project("{9A19103F-16F7-4668-BE54-9A1E7A4F7556}") = "JTT", "src\JTT\JTT.csproj", "{50DE433B-ED2C-4C89-84A0-D48866C5D2AE}"
EndProject
Project("{2150E333-8FDC-42A3-9474-1A3956D46DE8}") = "protocols", "protocols", "{3363129B-4388-49FE-A466-405093D2C9CF}"
EndProject
Project("{9A19103F-16F7-4668-BE54-9A1E7A4F7556}") = "JTT809", "src\Protocols\JTT809\JTT809.csproj", "{00E41185-E24B-4691-BF38-E5F00B820DEC}"
EndProject
Project("{9A19103F-16F7-4668-BE54-9A1E7A4F7556}") = "JTT808", "src\Protocols\JTT808\JTT808.csproj", "{A2B756AC-CBB3-47DA-AC66-21354311A81F}"
EndProject
Project("{9A19103F-16F7-4668-BE54-9A1E7A4F7556}") = "JTT1078", "src\Protocols\JTT1078\JTT1078.csproj", "{E773D6F7-BF2E-4FE8-85AE-0865DE6A94A3}"
EndProject
Project("{9A19103F-16F7-4668-BE54-9A1E7A4F7556}") = "JTTBase", "src\JTTBase\JTTBase.csproj", "{722AB4B9-9B11-479A-BC12-B6349581CA1E}"
EndProject
Project("{2150E333-8FDC-42A3-9474-1A3956D46DE8}") = "Solution Items", "Solution Items", "{DF5B259A-CCCE-4D11-A4C2-775067BBD9ED}"
	ProjectSection(SolutionItems) = preProject
		.editorconfig = .editorconfig
	EndProjectSection
EndProject
Project("{2150E333-8FDC-42A3-9474-1A3956D46DE8}") = "nuget", "nuget", "{351D3B01-7536-4C74-856B-6F508139E535}"
EndProject
Project("{9A19103F-16F7-4668-BE54-9A1E7A4F7556}") = "SuperSocket.JTT.All", "src\nuget\SuperSocket.JTT.All\SuperSocket.JTT.All.csproj", "{2FB88F87-2970-4A43-ABD1-0BA495BF1475}"
EndProject
Project("{9A19103F-16F7-4668-BE54-9A1E7A4F7556}") = "SuperSocket.JTT.JTT809", "src\nuget\SuperSocket.JTT.JTT809\SuperSocket.JTT.JTT809.csproj", "{149898E3-5D0A-426F-A11A-B6BFB093D641}"
EndProject
Project("{9A19103F-16F7-4668-BE54-9A1E7A4F7556}") = "SuperSocket.JTT.JTT808", "src\nuget\SuperSocket.JTT.JTT808\SuperSocket.JTT.JTT808.csproj", "{60279D8E-10BD-48DF-B33A-FE6750E6234F}"
EndProject
Project("{9A19103F-16F7-4668-BE54-9A1E7A4F7556}") = "SuperSocket.JTT.Custom", "src\nuget\SuperSocket.JTT.Custom\SuperSocket.JTT.Custom.csproj", "{0A972916-09A9-4212-826B-E0F523194877}"
EndProject
Project("{9A19103F-16F7-4668-BE54-9A1E7A4F7556}") = "DebugClient", "samples\DebugClient\DebugClient.csproj", "{A252D043-5E6B-4732-8981-C9A08F43583B}"
EndProject
Project("{9A19103F-16F7-4668-BE54-9A1E7A4F7556}") = "JTTApiServer", "samples\JTTApiServer\JTTApiServer.csproj", "{257A4290-E852-4AD2-8069-5576C0C0C66C}"
EndProject
Project("{FAE04EC0-301F-11D3-BF4B-00C04F79EFBC}") = "JTTCustomServer", "samples\JTTCustomServer\JTTCustomServer.csproj", "{396C4CCB-B95C-4074-BA27-6E6CCE4C7715}"
EndProject
Global
	GlobalSection(SolutionConfigurationPlatforms) = preSolution
		Debug|Any CPU = Debug|Any CPU
		Release|Any CPU = Release|Any CPU
	EndGlobalSection
	GlobalSection(ProjectConfigurationPlatforms) = postSolution
		{0A56E216-E171-4C41-BB60-118656562304}.Debug|Any CPU.ActiveCfg = Debug|Any CPU
		{0A56E216-E171-4C41-BB60-118656562304}.Debug|Any CPU.Build.0 = Debug|Any CPU
		{0A56E216-E171-4C41-BB60-118656562304}.Release|Any CPU.ActiveCfg = Release|Any CPU
		{0A56E216-E171-4C41-BB60-118656562304}.Release|Any CPU.Build.0 = Release|Any CPU
		{50DE433B-ED2C-4C89-84A0-D48866C5D2AE}.Debug|Any CPU.ActiveCfg = Debug|Any CPU
		{50DE433B-ED2C-4C89-84A0-D48866C5D2AE}.Debug|Any CPU.Build.0 = Debug|Any CPU
		{50DE433B-ED2C-4C89-84A0-D48866C5D2AE}.Release|Any CPU.ActiveCfg = Release|Any CPU
		{50DE433B-ED2C-4C89-84A0-D48866C5D2AE}.Release|Any CPU.Build.0 = Release|Any CPU
		{00E41185-E24B-4691-BF38-E5F00B820DEC}.Debug|Any CPU.ActiveCfg = Debug|Any CPU
		{00E41185-E24B-4691-BF38-E5F00B820DEC}.Debug|Any CPU.Build.0 = Debug|Any CPU
		{00E41185-E24B-4691-BF38-E5F00B820DEC}.Release|Any CPU.ActiveCfg = Release|Any CPU
		{00E41185-E24B-4691-BF38-E5F00B820DEC}.Release|Any CPU.Build.0 = Release|Any CPU
		{A2B756AC-CBB3-47DA-AC66-21354311A81F}.Debug|Any CPU.ActiveCfg = Debug|Any CPU
		{A2B756AC-CBB3-47DA-AC66-21354311A81F}.Debug|Any CPU.Build.0 = Debug|Any CPU
		{A2B756AC-CBB3-47DA-AC66-21354311A81F}.Release|Any CPU.ActiveCfg = Release|Any CPU
		{A2B756AC-CBB3-47DA-AC66-21354311A81F}.Release|Any CPU.Build.0 = Release|Any CPU
		{E773D6F7-BF2E-4FE8-85AE-0865DE6A94A3}.Debug|Any CPU.ActiveCfg = Debug|Any CPU
		{E773D6F7-BF2E-4FE8-85AE-0865DE6A94A3}.Debug|Any CPU.Build.0 = Debug|Any CPU
		{E773D6F7-BF2E-4FE8-85AE-0865DE6A94A3}.Release|Any CPU.ActiveCfg = Release|Any CPU
		{E773D6F7-BF2E-4FE8-85AE-0865DE6A94A3}.Release|Any CPU.Build.0 = Release|Any CPU
		{722AB4B9-9B11-479A-BC12-B6349581CA1E}.Debug|Any CPU.ActiveCfg = Debug|Any CPU
		{722AB4B9-9B11-479A-BC12-B6349581CA1E}.Debug|Any CPU.Build.0 = Debug|Any CPU
		{722AB4B9-9B11-479A-BC12-B6349581CA1E}.Release|Any CPU.ActiveCfg = Release|Any CPU
		{722AB4B9-9B11-479A-BC12-B6349581CA1E}.Release|Any CPU.Build.0 = Release|Any CPU
		{2FB88F87-2970-4A43-ABD1-0BA495BF1475}.Debug|Any CPU.ActiveCfg = Debug|Any CPU
		{2FB88F87-2970-4A43-ABD1-0BA495BF1475}.Debug|Any CPU.Build.0 = Debug|Any CPU
		{2FB88F87-2970-4A43-ABD1-0BA495BF1475}.Release|Any CPU.ActiveCfg = Release|Any CPU
		{2FB88F87-2970-4A43-ABD1-0BA495BF1475}.Release|Any CPU.Build.0 = Release|Any CPU
		{149898E3-5D0A-426F-A11A-B6BFB093D641}.Debug|Any CPU.ActiveCfg = Debug|Any CPU
		{149898E3-5D0A-426F-A11A-B6BFB093D641}.Debug|Any CPU.Build.0 = Debug|Any CPU
		{149898E3-5D0A-426F-A11A-B6BFB093D641}.Release|Any CPU.ActiveCfg = Release|Any CPU
		{149898E3-5D0A-426F-A11A-B6BFB093D641}.Release|Any CPU.Build.0 = Release|Any CPU
		{60279D8E-10BD-48DF-B33A-FE6750E6234F}.Debug|Any CPU.ActiveCfg = Debug|Any CPU
		{60279D8E-10BD-48DF-B33A-FE6750E6234F}.Debug|Any CPU.Build.0 = Debug|Any CPU
		{60279D8E-10BD-48DF-B33A-FE6750E6234F}.Release|Any CPU.ActiveCfg = Release|Any CPU
		{60279D8E-10BD-48DF-B33A-FE6750E6234F}.Release|Any CPU.Build.0 = Release|Any CPU
		{0A972916-09A9-4212-826B-E0F523194877}.Debug|Any CPU.ActiveCfg = Debug|Any CPU
		{0A972916-09A9-4212-826B-E0F523194877}.Debug|Any CPU.Build.0 = Debug|Any CPU
		{0A972916-09A9-4212-826B-E0F523194877}.Release|Any CPU.ActiveCfg = Release|Any CPU
		{0A972916-09A9-4212-826B-E0F523194877}.Release|Any CPU.Build.0 = Release|Any CPU
		{A252D043-5E6B-4732-8981-C9A08F43583B}.Debug|Any CPU.ActiveCfg = Debug|Any CPU
		{A252D043-5E6B-4732-8981-C9A08F43583B}.Debug|Any CPU.Build.0 = Debug|Any CPU
		{A252D043-5E6B-4732-8981-C9A08F43583B}.Release|Any CPU.ActiveCfg = Release|Any CPU
		{A252D043-5E6B-4732-8981-C9A08F43583B}.Release|Any CPU.Build.0 = Release|Any CPU
		{257A4290-E852-4AD2-8069-5576C0C0C66C}.Debug|Any CPU.ActiveCfg = Debug|Any CPU
		{257A4290-E852-4AD2-8069-5576C0C0C66C}.Debug|Any CPU.Build.0 = Debug|Any CPU
		{257A4290-E852-4AD2-8069-5576C0C0C66C}.Release|Any CPU.ActiveCfg = Release|Any CPU
		{257A4290-E852-4AD2-8069-5576C0C0C66C}.Release|Any CPU.Build.0 = Release|Any CPU
		{396C4CCB-B95C-4074-BA27-6E6CCE4C7715}.Debug|Any CPU.ActiveCfg = Debug|Any CPU
		{396C4CCB-B95C-4074-BA27-6E6CCE4C7715}.Debug|Any CPU.Build.0 = Debug|Any CPU
		{396C4CCB-B95C-4074-BA27-6E6CCE4C7715}.Release|Any CPU.ActiveCfg = Release|Any CPU
		{396C4CCB-B95C-4074-BA27-6E6CCE4C7715}.Release|Any CPU.Build.0 = Release|Any CPU
	EndGlobalSection
	GlobalSection(SolutionProperties) = preSolution
		HideSolutionNode = FALSE
	EndGlobalSection
	GlobalSection(NestedProjects) = preSolution
		{0A56E216-E171-4C41-BB60-118656562304} = {78B1EAD9-366F-4F78-9E8E-D3EAFD65E506}
		{50DE433B-ED2C-4C89-84A0-D48866C5D2AE} = {47222C4E-719A-41A8-824D-DFED126502EF}
		{3363129B-4388-49FE-A466-405093D2C9CF} = {47222C4E-719A-41A8-824D-DFED126502EF}
		{00E41185-E24B-4691-BF38-E5F00B820DEC} = {3363129B-4388-49FE-A466-405093D2C9CF}
		{A2B756AC-CBB3-47DA-AC66-21354311A81F} = {3363129B-4388-49FE-A466-405093D2C9CF}
		{E773D6F7-BF2E-4FE8-85AE-0865DE6A94A3} = {3363129B-4388-49FE-A466-405093D2C9CF}
		{722AB4B9-9B11-479A-BC12-B6349581CA1E} = {47222C4E-719A-41A8-824D-DFED126502EF}
		{351D3B01-7536-4C74-856B-6F508139E535} = {47222C4E-719A-41A8-824D-DFED126502EF}
		{2FB88F87-2970-4A43-ABD1-0BA495BF1475} = {351D3B01-7536-4C74-856B-6F508139E535}
		{149898E3-5D0A-426F-A11A-B6BFB093D641} = {351D3B01-7536-4C74-856B-6F508139E535}
		{60279D8E-10BD-48DF-B33A-FE6750E6234F} = {351D3B01-7536-4C74-856B-6F508139E535}
		{0A972916-09A9-4212-826B-E0F523194877} = {351D3B01-7536-4C74-856B-6F508139E535}
		{A252D043-5E6B-4732-8981-C9A08F43583B} = {78B1EAD9-366F-4F78-9E8E-D3EAFD65E506}
		{257A4290-E852-4AD2-8069-5576C0C0C66C} = {78B1EAD9-366F-4F78-9E8E-D3EAFD65E506}
		{396C4CCB-B95C-4074-BA27-6E6CCE4C7715} = {78B1EAD9-366F-4F78-9E8E-D3EAFD65E506}
	EndGlobalSection
	GlobalSection(ExtensibilityGlobals) = postSolution
		SolutionGuid = {A8FCF16A-7EF8-4C7A-A0E1-94AA808D8832}
	EndGlobalSection
EndGlobal
