
Microsoft Visual Studio Solution File, Format Version 12.00
# Visual Studio Version 16
VisualStudioVersion = 16.0.30803.129
MinimumVisualStudioVersion = 10.0.40219.1
Project("{2150E333-8FDC-42A3-9474-1A3956D46DE8}") = "samples", "samples", "{78B1EAD9-366F-4F78-9E8E-D3EAFD65E506}"
EndProject
Project("{2150E333-8FDC-42A3-9474-1A3956D46DE8}") = "src", "src", "{47222C4E-719A-41A8-824D-DFED126502EF}"
EndProject
Project("{2150E333-8FDC-42A3-9474-1A3956D46DE8}") = "test", "test", "{7DA25751-FF89-4492-BB66-000E8E950E19}"
EndProject
Project("{9A19103F-16F7-4668-BE54-9A1E7A4F7556}") = "JTTServer", "samples\JTTServer\JTTServer.csproj", "{0A56E216-E171-4C41-BB60-118656562304}"
EndProject
Project("{2150E333-8FDC-42A3-9474-1A3956D46DE8}") = "Protocols", "Protocols", "{3363129B-4388-49FE-A466-405093D2C9CF}"
EndProject
Project("{2150E333-8FDC-42A3-9474-1A3956D46DE8}") = "Solution Items", "Solution Items", "{DF5B259A-CCCE-4D11-A4C2-775067BBD9ED}"
	ProjectSection(SolutionItems) = preProject
		.editorconfig = .editorconfig
	EndProjectSection
EndProject
Project("{2150E333-8FDC-42A3-9474-1A3956D46DE8}") = "NuGet", "NuGet", "{351D3B01-7536-4C74-856B-6F508139E535}"
EndProject
Project("{9A19103F-16F7-4668-BE54-9A1E7A4F7556}") = "DebugClient", "samples\DebugClient\DebugClient.csproj", "{A252D043-5E6B-4732-8981-C9A08F43583B}"
EndProject
Project("{9A19103F-16F7-4668-BE54-9A1E7A4F7556}") = "JTTApiServer", "samples\JTTApiServer\JTTApiServer.csproj", "{257A4290-E852-4AD2-8069-5576C0C0C66C}"
EndProject
Project("{9A19103F-16F7-4668-BE54-9A1E7A4F7556}") = "JTTCustomServer", "samples\JTTCustomServer\JTTCustomServer.csproj", "{396C4CCB-B95C-4074-BA27-6E6CCE4C7715}"
EndProject
Project("{9A19103F-16F7-4668-BE54-9A1E7A4F7556}") = "SuperSocket.JTT.Server", "src\SuperSocket.JTT.Server\SuperSocket.JTT.Server.csproj", "{0AC089FE-799A-40F8-9E4A-0777BA443D91}"
EndProject
Project("{9A19103F-16F7-4668-BE54-9A1E7A4F7556}") = "SuperSocket.JTT.Base", "src\SuperSocket.JTT.Base\SuperSocket.JTT.Base.csproj", "{C2586980-4E22-4C40-9905-DBD43609F5EA}"
EndProject
Project("{9A19103F-16F7-4668-BE54-9A1E7A4F7556}") = "SuperSocket.JTT.JTT808", "src\Protocols\SuperSocket.JTT.JTT808\SuperSocket.JTT.JTT808.csproj", "{5949BF10-9DB3-496B-A020-ABF85618ABB2}"
EndProject
Project("{9A19103F-16F7-4668-BE54-9A1E7A4F7556}") = "SuperSocket.JTT.JTT809", "src\Protocols\SuperSocket.JTT.JTT809\SuperSocket.JTT.JTT809.csproj", "{CC611EA4-5CE8-425D-A4FD-46874ABF8496}"
EndProject
Project("{9A19103F-16F7-4668-BE54-9A1E7A4F7556}") = "SuperSocket.JTT.JTT1078", "src\Protocols\SuperSocket.JTT.JTT1078\SuperSocket.JTT.JTT1078.csproj", "{2C58B225-5C23-4801-BA6A-24ABAFE58640}"
EndProject
Project("{9A19103F-16F7-4668-BE54-9A1E7A4F7556}") = "SuperSocket.JTT.All", "Nuget\SuperSocket.JTT.All\SuperSocket.JTT.All.csproj", "{C881CCB8-661F-4B91-BB09-5D5393B9B69D}"
EndProject
Global
	GlobalSection(SolutionConfigurationPlatforms) = preSolution
		Debug|Any CPU = Debug|Any CPU
		Release|Any CPU = Release|Any CPU
	EndGlobalSection
	GlobalSection(ProjectConfigurationPlatforms) = postSolution
		{0A56E216-E171-4C41-BB60-118656562304}.Debug|Any CPU.ActiveCfg = Debug|Any CPU
		{0A56E216-E171-4C41-BB60-118656562304}.Debug|Any CPU.Build.0 = Debug|Any CPU
		{0A56E216-E171-4C41-BB60-118656562304}.Release|Any CPU.ActiveCfg = Release|Any CPU
		{0A56E216-E171-4C41-BB60-118656562304}.Release|Any CPU.Build.0 = Release|Any CPU
		{A252D043-5E6B-4732-8981-C9A08F43583B}.Debug|Any CPU.ActiveCfg = Debug|Any CPU
		{A252D043-5E6B-4732-8981-C9A08F43583B}.Debug|Any CPU.Build.0 = Debug|Any CPU
		{A252D043-5E6B-4732-8981-C9A08F43583B}.Release|Any CPU.ActiveCfg = Release|Any CPU
		{A252D043-5E6B-4732-8981-C9A08F43583B}.Release|Any CPU.Build.0 = Release|Any CPU
		{257A4290-E852-4AD2-8069-5576C0C0C66C}.Debug|Any CPU.ActiveCfg = Debug|Any CPU
		{257A4290-E852-4AD2-8069-5576C0C0C66C}.Debug|Any CPU.Build.0 = Debug|Any CPU
		{257A4290-E852-4AD2-8069-5576C0C0C66C}.Release|Any CPU.ActiveCfg = Release|Any CPU
		{257A4290-E852-4AD2-8069-5576C0C0C66C}.Release|Any CPU.Build.0 = Release|Any CPU
		{396C4CCB-B95C-4074-BA27-6E6CCE4C7715}.Debug|Any CPU.ActiveCfg = Debug|Any CPU
		{396C4CCB-B95C-4074-BA27-6E6CCE4C7715}.Debug|Any CPU.Build.0 = Debug|Any CPU
		{396C4CCB-B95C-4074-BA27-6E6CCE4C7715}.Release|Any CPU.ActiveCfg = Release|Any CPU
		{396C4CCB-B95C-4074-BA27-6E6CCE4C7715}.Release|Any CPU.Build.0 = Release|Any CPU
		{0AC089FE-799A-40F8-9E4A-0777BA443D91}.Debug|Any CPU.ActiveCfg = Debug|Any CPU
		{0AC089FE-799A-40F8-9E4A-0777BA443D91}.Debug|Any CPU.Build.0 = Debug|Any CPU
		{0AC089FE-799A-40F8-9E4A-0777BA443D91}.Release|Any CPU.ActiveCfg = Release|Any CPU
		{0AC089FE-799A-40F8-9E4A-0777BA443D91}.Release|Any CPU.Build.0 = Release|Any CPU
		{C2586980-4E22-4C40-9905-DBD43609F5EA}.Debug|Any CPU.ActiveCfg = Debug|Any CPU
		{C2586980-4E22-4C40-9905-DBD43609F5EA}.Debug|Any CPU.Build.0 = Debug|Any CPU
		{C2586980-4E22-4C40-9905-DBD43609F5EA}.Release|Any CPU.ActiveCfg = Release|Any CPU
		{C2586980-4E22-4C40-9905-DBD43609F5EA}.Release|Any CPU.Build.0 = Release|Any CPU
		{5949BF10-9DB3-496B-A020-ABF85618ABB2}.Debug|Any CPU.ActiveCfg = Debug|Any CPU
		{5949BF10-9DB3-496B-A020-ABF85618ABB2}.Debug|Any CPU.Build.0 = Debug|Any CPU
		{5949BF10-9DB3-496B-A020-ABF85618ABB2}.Release|Any CPU.ActiveCfg = Release|Any CPU
		{5949BF10-9DB3-496B-A020-ABF85618ABB2}.Release|Any CPU.Build.0 = Release|Any CPU
		{CC611EA4-5CE8-425D-A4FD-46874ABF8496}.Debug|Any CPU.ActiveCfg = Debug|Any CPU
		{CC611EA4-5CE8-425D-A4FD-46874ABF8496}.Debug|Any CPU.Build.0 = Debug|Any CPU
		{CC611EA4-5CE8-425D-A4FD-46874ABF8496}.Release|Any CPU.ActiveCfg = Release|Any CPU
		{CC611EA4-5CE8-425D-A4FD-46874ABF8496}.Release|Any CPU.Build.0 = Release|Any CPU
		{2C58B225-5C23-4801-BA6A-24ABAFE58640}.Debug|Any CPU.ActiveCfg = Debug|Any CPU
		{2C58B225-5C23-4801-BA6A-24ABAFE58640}.Debug|Any CPU.Build.0 = Debug|Any CPU
		{2C58B225-5C23-4801-BA6A-24ABAFE58640}.Release|Any CPU.ActiveCfg = Release|Any CPU
		{2C58B225-5C23-4801-BA6A-24ABAFE58640}.Release|Any CPU.Build.0 = Release|Any CPU
		{C881CCB8-661F-4B91-BB09-5D5393B9B69D}.Debug|Any CPU.ActiveCfg = Debug|Any CPU
		{C881CCB8-661F-4B91-BB09-5D5393B9B69D}.Debug|Any CPU.Build.0 = Debug|Any CPU
		{C881CCB8-661F-4B91-BB09-5D5393B9B69D}.Release|Any CPU.ActiveCfg = Release|Any CPU
		{C881CCB8-661F-4B91-BB09-5D5393B9B69D}.Release|Any CPU.Build.0 = Release|Any CPU
	EndGlobalSection
	GlobalSection(SolutionProperties) = preSolution
		HideSolutionNode = FALSE
	EndGlobalSection
	GlobalSection(NestedProjects) = preSolution
		{0A56E216-E171-4C41-BB60-118656562304} = {78B1EAD9-366F-4F78-9E8E-D3EAFD65E506}
		{3363129B-4388-49FE-A466-405093D2C9CF} = {47222C4E-719A-41A8-824D-DFED126502EF}
		{A252D043-5E6B-4732-8981-C9A08F43583B} = {78B1EAD9-366F-4F78-9E8E-D3EAFD65E506}
		{257A4290-E852-4AD2-8069-5576C0C0C66C} = {78B1EAD9-366F-4F78-9E8E-D3EAFD65E506}
		{396C4CCB-B95C-4074-BA27-6E6CCE4C7715} = {78B1EAD9-366F-4F78-9E8E-D3EAFD65E506}
		{0AC089FE-799A-40F8-9E4A-0777BA443D91} = {47222C4E-719A-41A8-824D-DFED126502EF}
		{C2586980-4E22-4C40-9905-DBD43609F5EA} = {47222C4E-719A-41A8-824D-DFED126502EF}
		{5949BF10-9DB3-496B-A020-ABF85618ABB2} = {3363129B-4388-49FE-A466-405093D2C9CF}
		{CC611EA4-5CE8-425D-A4FD-46874ABF8496} = {3363129B-4388-49FE-A466-405093D2C9CF}
		{2C58B225-5C23-4801-BA6A-24ABAFE58640} = {3363129B-4388-49FE-A466-405093D2C9CF}
		{C881CCB8-661F-4B91-BB09-5D5393B9B69D} = {351D3B01-7536-4C74-856B-6F508139E535}
	EndGlobalSection
	GlobalSection(ExtensibilityGlobals) = postSolution
		SolutionGuid = {A8FCF16A-7EF8-4C7A-A0E1-94AA808D8832}
	EndGlobalSection
EndGlobal
